// !$*UTF8*$!
{
	archiveVersion = 1;
	classes = {
	};
	objectVersion = 56;
	objects = {

/* Begin PBXBuildFile section */
		652406802AFEBE7B00AE193D /* NetworkSession.swift in Sources */ = {isa = PBXBuildFile; fileRef = 6524067F2AFEBE7B00AE193D /* NetworkSession.swift */; };
		652406812AFEBE7B00AE193D /* NetworkSession.swift in Sources */ = {isa = PBXBuildFile; fileRef = 6524067F2AFEBE7B00AE193D /* NetworkSession.swift */; };
		652406862AFEC4C100AE193D /* MockNetworkSession.swift in Sources */ = {isa = PBXBuildFile; fileRef = 652406852AFEC4C100AE193D /* MockNetworkSession.swift */; };
		652406882AFEEB5C00AE193D /* NetworkResponseValidator.swift in Sources */ = {isa = PBXBuildFile; fileRef = 652406872AFEEB5C00AE193D /* NetworkResponseValidator.swift */; };
		652406892AFEEB5C00AE193D /* NetworkResponseValidator.swift in Sources */ = {isa = PBXBuildFile; fileRef = 652406872AFEEB5C00AE193D /* NetworkResponseValidator.swift */; };
		6524068B2AFEEB7D00AE193D /* NetworkResponseValidatorTests.swift in Sources */ = {isa = PBXBuildFile; fileRef = 6524068A2AFEEB7D00AE193D /* NetworkResponseValidatorTests.swift */; };
		6524068F2AFF8EEC00AE193D /* ImageServiceResponse.swift in Sources */ = {isa = PBXBuildFile; fileRef = 6524068E2AFF8EEC00AE193D /* ImageServiceResponse.swift */; };
		652406902AFF8EEC00AE193D /* ImageServiceResponse.swift in Sources */ = {isa = PBXBuildFile; fileRef = 6524068E2AFF8EEC00AE193D /* ImageServiceResponse.swift */; };
		652406942AFF98E900AE193D /* ImageServiceResponseTests.swift in Sources */ = {isa = PBXBuildFile; fileRef = 652406932AFF98E900AE193D /* ImageServiceResponseTests.swift */; };
		65250CB42AF7D8AA006BB662 /* ImageQueryTests.swift in Sources */ = {isa = PBXBuildFile; fileRef = 65250CB32AF7D8AA006BB662 /* ImageQueryTests.swift */; };
		65250CB62AF7DA87006BB662 /* ImageQuery.swift in Sources */ = {isa = PBXBuildFile; fileRef = 65250CB52AF7DA87006BB662 /* ImageQuery.swift */; };
		65250CB72AF7DA87006BB662 /* ImageQuery.swift in Sources */ = {isa = PBXBuildFile; fileRef = 65250CB52AF7DA87006BB662 /* ImageQuery.swift */; };
		65250CBB2AF7F3B3006BB662 /* ImageGenerator.swift in Sources */ = {isa = PBXBuildFile; fileRef = 65250CBA2AF7F3B3006BB662 /* ImageGenerator.swift */; };
		65250CBC2AF7F3B3006BB662 /* ImageGenerator.swift in Sources */ = {isa = PBXBuildFile; fileRef = 65250CBA2AF7F3B3006BB662 /* ImageGenerator.swift */; };
		65250CC02AF7F3D2006BB662 /* ImageGeneratorTests.swift in Sources */ = {isa = PBXBuildFile; fileRef = 65250CBF2AF7F3D2006BB662 /* ImageGeneratorTests.swift */; };
		65250CD42AF83425006BB662 /* PromptGenerator.swift in Sources */ = {isa = PBXBuildFile; fileRef = 65250CD32AF83425006BB662 /* PromptGenerator.swift */; };
		65250CD52AF83425006BB662 /* PromptGenerator.swift in Sources */ = {isa = PBXBuildFile; fileRef = 65250CD32AF83425006BB662 /* PromptGenerator.swift */; };
		65250CD72AF8346B006BB662 /* ImageService.swift in Sources */ = {isa = PBXBuildFile; fileRef = 65250CD62AF8346B006BB662 /* ImageService.swift */; };
		65250CD82AF8346B006BB662 /* ImageService.swift in Sources */ = {isa = PBXBuildFile; fileRef = 65250CD62AF8346B006BB662 /* ImageService.swift */; };
		65250CDA2AF83491006BB662 /* PromptGeneratorTests.swift in Sources */ = {isa = PBXBuildFile; fileRef = 65250CD92AF83491006BB662 /* PromptGeneratorTests.swift */; };
		65250CDC2AF8349B006BB662 /* ImageServiceTests.swift in Sources */ = {isa = PBXBuildFile; fileRef = 65250CDB2AF8349B006BB662 /* ImageServiceTests.swift */; };
		6550C7EE2B28F3E800B27030 /* GenerateImageViewModel.swift in Sources */ = {isa = PBXBuildFile; fileRef = 6550C7ED2B28F3E800B27030 /* GenerateImageViewModel.swift */; };
		6550C7EF2B28F3E800B27030 /* GenerateImageViewModel.swift in Sources */ = {isa = PBXBuildFile; fileRef = 6550C7ED2B28F3E800B27030 /* GenerateImageViewModel.swift */; };
		6550C7F32B28F43900B27030 /* GenerateImageViewModelTests.swift in Sources */ = {isa = PBXBuildFile; fileRef = 6550C7F22B28F43900B27030 /* GenerateImageViewModelTests.swift */; };
		6550C7F52B28F7B600B27030 /* MockImageGenerator.swift in Sources */ = {isa = PBXBuildFile; fileRef = 6550C7F42B28F7B600B27030 /* MockImageGenerator.swift */; };
		6550C7F72B28F7ED00B27030 /* Assets.xcassets in Resources */ = {isa = PBXBuildFile; fileRef = 6550C7F62B28F7ED00B27030 /* Assets.xcassets */; };
		6550CBDF2B2A2DFE00B27030 /* ShapeButtonStyle.swift in Sources */ = {isa = PBXBuildFile; fileRef = 6550CBDE2B2A2DFE00B27030 /* ShapeButtonStyle.swift */; };
		659A92C72AFAD77D00A6F351 /* ImageServiceRequest.swift in Sources */ = {isa = PBXBuildFile; fileRef = 659A92C62AFAD77D00A6F351 /* ImageServiceRequest.swift */; };
		659A92C82AFAD77D00A6F351 /* ImageServiceRequest.swift in Sources */ = {isa = PBXBuildFile; fileRef = 659A92C62AFAD77D00A6F351 /* ImageServiceRequest.swift */; };
		659A92CC2AFADB2600A6F351 /* ImageServiceRequestTests.swift in Sources */ = {isa = PBXBuildFile; fileRef = 659A92CA2AFADB2600A6F351 /* ImageServiceRequestTests.swift */; };
		659A92CF2AFAF4FC00A6F351 /* ImageRequestModel.swift in Sources */ = {isa = PBXBuildFile; fileRef = 659A92CE2AFAF4FC00A6F351 /* ImageRequestModel.swift */; };
		659A92D02AFAF4FC00A6F351 /* ImageRequestModel.swift in Sources */ = {isa = PBXBuildFile; fileRef = 659A92CE2AFAF4FC00A6F351 /* ImageRequestModel.swift */; };
		65AA66932AF7B29E00C2BCD6 /* BackgroundEntry.swift in Sources */ = {isa = PBXBuildFile; fileRef = 65F97E0F2AF669A000C0E501 /* BackgroundEntry.swift */; };
		65AA66942AF7B2A600C2BCD6 /* BackgroundEntry.swift in Sources */ = {isa = PBXBuildFile; fileRef = 65F97E0F2AF669A000C0E501 /* BackgroundEntry.swift */; };
		65AA66972AF7B2C500C2BCD6 /* BackgroundEntryTests.swift in Sources */ = {isa = PBXBuildFile; fileRef = 65AA66962AF7B2C500C2BCD6 /* BackgroundEntryTests.swift */; };
		65B545E42AFD600E00B75EDE /* ImageRequestModelTests.swift in Sources */ = {isa = PBXBuildFile; fileRef = 65B545E32AFD600E00B75EDE /* ImageRequestModelTests.swift */; };
		65B545E62AFD6A3100B75EDE /* ImageRequestModelImageSize.swift in Sources */ = {isa = PBXBuildFile; fileRef = 65B545E52AFD6A3100B75EDE /* ImageRequestModelImageSize.swift */; };
		65B545E72AFD6A6A00B75EDE /* ImageRequestModelImageSize.swift in Sources */ = {isa = PBXBuildFile; fileRef = 65B545E52AFD6A3100B75EDE /* ImageRequestModelImageSize.swift */; };
		65B545E92AFD6D3000B75EDE /* Extensions.swift in Sources */ = {isa = PBXBuildFile; fileRef = 65B545E82AFD6D3000B75EDE /* Extensions.swift */; };
		65B545EA2AFD6D3000B75EDE /* Extensions.swift in Sources */ = {isa = PBXBuildFile; fileRef = 65B545E82AFD6D3000B75EDE /* Extensions.swift */; };
		65B545ED2AFD92EE00B75EDE /* SpyImageService.swift in Sources */ = {isa = PBXBuildFile; fileRef = 65B545EC2AFD92EE00B75EDE /* SpyImageService.swift */; };
		65E034DA2B23CC05001B5F99 /* ImageDataParser.swift in Sources */ = {isa = PBXBuildFile; fileRef = 65E034D92B23CC05001B5F99 /* ImageDataParser.swift */; };
		65E034DC2B23CC18001B5F99 /* ImageDataParserTests.swift in Sources */ = {isa = PBXBuildFile; fileRef = 65E034DB2B23CC18001B5F99 /* ImageDataParserTests.swift */; };
		65E034DD2B23CC9F001B5F99 /* ImageDataParser.swift in Sources */ = {isa = PBXBuildFile; fileRef = 65E034D92B23CC05001B5F99 /* ImageDataParser.swift */; };
		65E034DF2B23D1A4001B5F99 /* SpyImageDataParser.swift in Sources */ = {isa = PBXBuildFile; fileRef = 65E034DE2B23D1A4001B5F99 /* SpyImageDataParser.swift */; };
		65F8219F2B2B8E6400B5F745 /* BlurEffectModifier.swift in Sources */ = {isa = PBXBuildFile; fileRef = 65F8219E2B2B8E6400B5F745 /* BlurEffectModifier.swift */; };
		65F97E0C2AF669A000C0E501 /* PsycherosApp.swift in Sources */ = {isa = PBXBuildFile; fileRef = 65F97E0B2AF669A000C0E501 /* PsycherosApp.swift */; };
		65F97E0E2AF669A000C0E501 /* GenerateImageView.swift in Sources */ = {isa = PBXBuildFile; fileRef = 65F97E0D2AF669A000C0E501 /* GenerateImageView.swift */; };
		65F97E122AF669A100C0E501 /* Assets.xcassets in Resources */ = {isa = PBXBuildFile; fileRef = 65F97E112AF669A100C0E501 /* Assets.xcassets */; };
		65FC2C272AFC2F5900ED4EA3 /* XCTestCaseExtensions.swift in Sources */ = {isa = PBXBuildFile; fileRef = 65FC2C262AFC2F5900ED4EA3 /* XCTestCaseExtensions.swift */; };
		7B9928E82B2F4047008667AB /* ShadowModifier.swift in Sources */ = {isa = PBXBuildFile; fileRef = 7B9928E72B2F4047008667AB /* ShadowModifier.swift */; };
		7B9928EA2B2F9BA3008667AB /* PillButtonShape.swift in Sources */ = {isa = PBXBuildFile; fileRef = 7B9928E92B2F9BA3008667AB /* PillButtonShape.swift */; };
/* End PBXBuildFile section */

/* Begin PBXContainerItemProxy section */
		65F97E1C2AF669A100C0E501 /* PBXContainerItemProxy */ = {
			isa = PBXContainerItemProxy;
			containerPortal = 65F97E002AF6699F00C0E501 /* Project object */;
			proxyType = 1;
			remoteGlobalIDString = 65F97E072AF6699F00C0E501;
			remoteInfo = Psycheros;
		};
/* End PBXContainerItemProxy section */

/* Begin PBXFileReference section */
		651A16032AF97E55002AB363 /* config.xcconfig */ = {isa = PBXFileReference; lastKnownFileType = text.xcconfig; path = config.xcconfig; sourceTree = "<group>"; };
		651A16042AF9860F002AB363 /* Info.plist */ = {isa = PBXFileReference; lastKnownFileType = text.plist.xml; path = Info.plist; sourceTree = "<group>"; };
		6524067F2AFEBE7B00AE193D /* NetworkSession.swift */ = {isa = PBXFileReference; lastKnownFileType = sourcecode.swift; path = NetworkSession.swift; sourceTree = "<group>"; };
		652406852AFEC4C100AE193D /* MockNetworkSession.swift */ = {isa = PBXFileReference; lastKnownFileType = sourcecode.swift; path = MockNetworkSession.swift; sourceTree = "<group>"; };
		652406872AFEEB5C00AE193D /* NetworkResponseValidator.swift */ = {isa = PBXFileReference; lastKnownFileType = sourcecode.swift; path = NetworkResponseValidator.swift; sourceTree = "<group>"; };
		6524068A2AFEEB7D00AE193D /* NetworkResponseValidatorTests.swift */ = {isa = PBXFileReference; lastKnownFileType = sourcecode.swift; path = NetworkResponseValidatorTests.swift; sourceTree = "<group>"; };
		6524068E2AFF8EEC00AE193D /* ImageServiceResponse.swift */ = {isa = PBXFileReference; lastKnownFileType = sourcecode.swift; path = ImageServiceResponse.swift; sourceTree = "<group>"; };
		652406932AFF98E900AE193D /* ImageServiceResponseTests.swift */ = {isa = PBXFileReference; lastKnownFileType = sourcecode.swift; path = ImageServiceResponseTests.swift; sourceTree = "<group>"; };
		65250CB22AF7BDFA006BB662 /* Psycheros.xctestplan */ = {isa = PBXFileReference; lastKnownFileType = text; path = Psycheros.xctestplan; sourceTree = "<group>"; };
		65250CB32AF7D8AA006BB662 /* ImageQueryTests.swift */ = {isa = PBXFileReference; lastKnownFileType = sourcecode.swift; path = ImageQueryTests.swift; sourceTree = "<group>"; };
		65250CB52AF7DA87006BB662 /* ImageQuery.swift */ = {isa = PBXFileReference; lastKnownFileType = sourcecode.swift; path = ImageQuery.swift; sourceTree = "<group>"; };
		65250CBA2AF7F3B3006BB662 /* ImageGenerator.swift */ = {isa = PBXFileReference; lastKnownFileType = sourcecode.swift; path = ImageGenerator.swift; sourceTree = "<group>"; };
		65250CBF2AF7F3D2006BB662 /* ImageGeneratorTests.swift */ = {isa = PBXFileReference; lastKnownFileType = sourcecode.swift; path = ImageGeneratorTests.swift; sourceTree = "<group>"; };
		65250CD32AF83425006BB662 /* PromptGenerator.swift */ = {isa = PBXFileReference; lastKnownFileType = sourcecode.swift; path = PromptGenerator.swift; sourceTree = "<group>"; };
		65250CD62AF8346B006BB662 /* ImageService.swift */ = {isa = PBXFileReference; lastKnownFileType = sourcecode.swift; path = ImageService.swift; sourceTree = "<group>"; };
		65250CD92AF83491006BB662 /* PromptGeneratorTests.swift */ = {isa = PBXFileReference; lastKnownFileType = sourcecode.swift; path = PromptGeneratorTests.swift; sourceTree = "<group>"; };
		65250CDB2AF8349B006BB662 /* ImageServiceTests.swift */ = {isa = PBXFileReference; lastKnownFileType = sourcecode.swift; path = ImageServiceTests.swift; sourceTree = "<group>"; };
		6550C7ED2B28F3E800B27030 /* GenerateImageViewModel.swift */ = {isa = PBXFileReference; lastKnownFileType = sourcecode.swift; path = GenerateImageViewModel.swift; sourceTree = "<group>"; };
		6550C7F22B28F43900B27030 /* GenerateImageViewModelTests.swift */ = {isa = PBXFileReference; lastKnownFileType = sourcecode.swift; path = GenerateImageViewModelTests.swift; sourceTree = "<group>"; };
		6550C7F42B28F7B600B27030 /* MockImageGenerator.swift */ = {isa = PBXFileReference; lastKnownFileType = sourcecode.swift; path = MockImageGenerator.swift; sourceTree = "<group>"; };
		6550C7F62B28F7ED00B27030 /* Assets.xcassets */ = {isa = PBXFileReference; lastKnownFileType = folder.assetcatalog; path = Assets.xcassets; sourceTree = "<group>"; };
		6550CBDE2B2A2DFE00B27030 /* ShapeButtonStyle.swift */ = {isa = PBXFileReference; lastKnownFileType = sourcecode.swift; path = ShapeButtonStyle.swift; sourceTree = "<group>"; };
		659A92C62AFAD77D00A6F351 /* ImageServiceRequest.swift */ = {isa = PBXFileReference; lastKnownFileType = sourcecode.swift; path = ImageServiceRequest.swift; sourceTree = "<group>"; };
		659A92CA2AFADB2600A6F351 /* ImageServiceRequestTests.swift */ = {isa = PBXFileReference; lastKnownFileType = sourcecode.swift; path = ImageServiceRequestTests.swift; sourceTree = "<group>"; };
		659A92CE2AFAF4FC00A6F351 /* ImageRequestModel.swift */ = {isa = PBXFileReference; lastKnownFileType = sourcecode.swift; path = ImageRequestModel.swift; sourceTree = "<group>"; };
		65AA66962AF7B2C500C2BCD6 /* BackgroundEntryTests.swift */ = {isa = PBXFileReference; lastKnownFileType = sourcecode.swift; path = BackgroundEntryTests.swift; sourceTree = "<group>"; };
		65B545E32AFD600E00B75EDE /* ImageRequestModelTests.swift */ = {isa = PBXFileReference; lastKnownFileType = sourcecode.swift; path = ImageRequestModelTests.swift; sourceTree = "<group>"; };
		65B545E52AFD6A3100B75EDE /* ImageRequestModelImageSize.swift */ = {isa = PBXFileReference; lastKnownFileType = sourcecode.swift; path = ImageRequestModelImageSize.swift; sourceTree = "<group>"; };
		65B545E82AFD6D3000B75EDE /* Extensions.swift */ = {isa = PBXFileReference; lastKnownFileType = sourcecode.swift; path = Extensions.swift; sourceTree = "<group>"; };
		65B545EC2AFD92EE00B75EDE /* SpyImageService.swift */ = {isa = PBXFileReference; lastKnownFileType = sourcecode.swift; path = SpyImageService.swift; sourceTree = "<group>"; };
		65E034D92B23CC05001B5F99 /* ImageDataParser.swift */ = {isa = PBXFileReference; lastKnownFileType = sourcecode.swift; path = ImageDataParser.swift; sourceTree = "<group>"; };
		65E034DB2B23CC18001B5F99 /* ImageDataParserTests.swift */ = {isa = PBXFileReference; lastKnownFileType = sourcecode.swift; path = ImageDataParserTests.swift; sourceTree = "<group>"; };
		65E034DE2B23D1A4001B5F99 /* SpyImageDataParser.swift */ = {isa = PBXFileReference; lastKnownFileType = sourcecode.swift; path = SpyImageDataParser.swift; sourceTree = "<group>"; };
		65F8219E2B2B8E6400B5F745 /* BlurEffectModifier.swift */ = {isa = PBXFileReference; lastKnownFileType = sourcecode.swift; path = BlurEffectModifier.swift; sourceTree = "<group>"; };
		65F97E082AF6699F00C0E501 /* Psycheros.app */ = {isa = PBXFileReference; explicitFileType = wrapper.application; includeInIndex = 0; path = Psycheros.app; sourceTree = BUILT_PRODUCTS_DIR; };
		65F97E0B2AF669A000C0E501 /* PsycherosApp.swift */ = {isa = PBXFileReference; lastKnownFileType = sourcecode.swift; path = PsycherosApp.swift; sourceTree = "<group>"; };
		65F97E0D2AF669A000C0E501 /* GenerateImageView.swift */ = {isa = PBXFileReference; lastKnownFileType = sourcecode.swift; path = GenerateImageView.swift; sourceTree = "<group>"; };
		65F97E0F2AF669A000C0E501 /* BackgroundEntry.swift */ = {isa = PBXFileReference; lastKnownFileType = sourcecode.swift; path = BackgroundEntry.swift; sourceTree = "<group>"; };
		65F97E112AF669A100C0E501 /* Assets.xcassets */ = {isa = PBXFileReference; lastKnownFileType = folder.assetcatalog; path = Assets.xcassets; sourceTree = "<group>"; };
		65F97E132AF669A100C0E501 /* Psycheros.entitlements */ = {isa = PBXFileReference; lastKnownFileType = text.plist.entitlements; path = Psycheros.entitlements; sourceTree = "<group>"; };
		65F97E1B2AF669A100C0E501 /* PsycherosTests.xctest */ = {isa = PBXFileReference; explicitFileType = wrapper.cfbundle; includeInIndex = 0; path = PsycherosTests.xctest; sourceTree = BUILT_PRODUCTS_DIR; };
		65FC2C262AFC2F5900ED4EA3 /* XCTestCaseExtensions.swift */ = {isa = PBXFileReference; lastKnownFileType = sourcecode.swift; path = XCTestCaseExtensions.swift; sourceTree = "<group>"; };
		7B9928E72B2F4047008667AB /* ShadowModifier.swift */ = {isa = PBXFileReference; lastKnownFileType = sourcecode.swift; path = ShadowModifier.swift; sourceTree = "<group>"; };
		7B9928E92B2F9BA3008667AB /* PillButtonShape.swift */ = {isa = PBXFileReference; lastKnownFileType = sourcecode.swift; path = PillButtonShape.swift; sourceTree = "<group>"; };
/* End PBXFileReference section */

/* Begin PBXFrameworksBuildPhase section */
		65F97E052AF6699F00C0E501 /* Frameworks */ = {
			isa = PBXFrameworksBuildPhase;
			buildActionMask = 2147483647;
			files = (
			);
			runOnlyForDeploymentPostprocessing = 0;
		};
		65F97E182AF669A100C0E501 /* Frameworks */ = {
			isa = PBXFrameworksBuildPhase;
			buildActionMask = 2147483647;
			files = (
			);
			runOnlyForDeploymentPostprocessing = 0;
		};
/* End PBXFrameworksBuildPhase section */

/* Begin PBXGroup section */
		652406842AFEC4B500AE193D /* Mock */ = {
			isa = PBXGroup;
			children = (
				652406852AFEC4C100AE193D /* MockNetworkSession.swift */,
				6550C7F42B28F7B600B27030 /* MockImageGenerator.swift */,
			);
			path = Mock;
			sourceTree = "<group>";
		};
		652406912AFF8F4B00AE193D /* Network */ = {
			isa = PBXGroup;
			children = (
				652406872AFEEB5C00AE193D /* NetworkResponseValidator.swift */,
				6524067F2AFEBE7B00AE193D /* NetworkSession.swift */,
			);
			path = Network;
			sourceTree = "<group>";
		};
		652406922AFF981300AE193D /* Network */ = {
			isa = PBXGroup;
			children = (
				6524068A2AFEEB7D00AE193D /* NetworkResponseValidatorTests.swift */,
			);
			path = Network;
			sourceTree = "<group>";
		};
		65250CB82AF7F38D006BB662 /* Logic */ = {
			isa = PBXGroup;
			children = (
				652406912AFF8F4B00AE193D /* Network */,
				659A92C52AFAD75100A6F351 /* ImageGenerationService */,
				65250CBA2AF7F3B3006BB662 /* ImageGenerator.swift */,
				65250CD32AF83425006BB662 /* PromptGenerator.swift */,
			);
			path = Logic;
			sourceTree = "<group>";
		};
		65250CBD2AF7F3B8006BB662 /* Logic */ = {
			isa = PBXGroup;
			children = (
				652406922AFF981300AE193D /* Network */,
				659A92C92AFADA8C00A6F351 /* ImageService */,
				65250CBF2AF7F3D2006BB662 /* ImageGeneratorTests.swift */,
				65250CD92AF83491006BB662 /* PromptGeneratorTests.swift */,
			);
			path = Logic;
			sourceTree = "<group>";
		};
		6533D7052AF8421E00B15CFA /* Spy */ = {
			isa = PBXGroup;
			children = (
				65B545EC2AFD92EE00B75EDE /* SpyImageService.swift */,
				65E034DE2B23D1A4001B5F99 /* SpyImageDataParser.swift */,
			);
			path = Spy;
			sourceTree = "<group>";
		};
		6550C7F02B28F41200B27030 /* User Interface */ = {
			isa = PBXGroup;
			children = (
				6550C7F12B28F42200B27030 /* GenerateImage */,
			);
			path = "User Interface";
			sourceTree = "<group>";
		};
		6550C7F12B28F42200B27030 /* GenerateImage */ = {
			isa = PBXGroup;
			children = (
				6550C7F22B28F43900B27030 /* GenerateImageViewModelTests.swift */,
			);
			path = GenerateImage;
			sourceTree = "<group>";
		};
		6550CBDD2B2A2C1300B27030 /* Modifiers */ = {
			isa = PBXGroup;
			children = (
				7B9928E92B2F9BA3008667AB /* PillButtonShape.swift */,
				6550CBDE2B2A2DFE00B27030 /* ShapeButtonStyle.swift */,
				65F8219E2B2B8E6400B5F745 /* BlurEffectModifier.swift */,
				7B9928E72B2F4047008667AB /* ShadowModifier.swift */,
			);
			path = Modifiers;
			sourceTree = "<group>";
		};
		659A92C52AFAD75100A6F351 /* ImageGenerationService */ = {
			isa = PBXGroup;
			children = (
				659A92CD2AFAF4EF00A6F351 /* Models */,
				65250CD62AF8346B006BB662 /* ImageService.swift */,
				659A92C62AFAD77D00A6F351 /* ImageServiceRequest.swift */,
				65E034D92B23CC05001B5F99 /* ImageDataParser.swift */,
			);
			path = ImageGenerationService;
			sourceTree = "<group>";
		};
		659A92C92AFADA8C00A6F351 /* ImageService */ = {
			isa = PBXGroup;
			children = (
				659A92CA2AFADB2600A6F351 /* ImageServiceRequestTests.swift */,
				65250CDB2AF8349B006BB662 /* ImageServiceTests.swift */,
				65E034DB2B23CC18001B5F99 /* ImageDataParserTests.swift */,
				65B545E22AFD600000B75EDE /* Models */,
			);
			path = ImageService;
			sourceTree = "<group>";
		};
		659A92CD2AFAF4EF00A6F351 /* Models */ = {
			isa = PBXGroup;
			children = (
				659A92CE2AFAF4FC00A6F351 /* ImageRequestModel.swift */,
				6524068E2AFF8EEC00AE193D /* ImageServiceResponse.swift */,
				65B545E52AFD6A3100B75EDE /* ImageRequestModelImageSize.swift */,
			);
			path = Models;
			sourceTree = "<group>";
		};
		65AA66952AF7B2B900C2BCD6 /* Models */ = {
			isa = PBXGroup;
			children = (
				65AA66962AF7B2C500C2BCD6 /* BackgroundEntryTests.swift */,
				65250CB32AF7D8AA006BB662 /* ImageQueryTests.swift */,
			);
			path = Models;
			sourceTree = "<group>";
		};
		65B545E22AFD600000B75EDE /* Models */ = {
			isa = PBXGroup;
			children = (
				65B545E32AFD600E00B75EDE /* ImageRequestModelTests.swift */,
				652406932AFF98E900AE193D /* ImageServiceResponseTests.swift */,
			);
			path = Models;
			sourceTree = "<group>";
		};
		65B545EB2AFD6D4300B75EDE /* Extensions */ = {
			isa = PBXGroup;
			children = (
				65B545E82AFD6D3000B75EDE /* Extensions.swift */,
			);
			path = Extensions;
			sourceTree = "<group>";
		};
		65E034E02B261322001B5F99 /* GenerateImage */ = {
			isa = PBXGroup;
			children = (
				6550CBDD2B2A2C1300B27030 /* Modifiers */,
				65F97E0D2AF669A000C0E501 /* GenerateImageView.swift */,
				6550C7ED2B28F3E800B27030 /* GenerateImageViewModel.swift */,
			);
			path = GenerateImage;
			sourceTree = "<group>";
		};
		65E034E12B26134C001B5F99 /* User Interface */ = {
			isa = PBXGroup;
			children = (
				65E034E02B261322001B5F99 /* GenerateImage */,
				65F97E0B2AF669A000C0E501 /* PsycherosApp.swift */,
			);
			path = "User Interface";
			sourceTree = "<group>";
		};
		65F97DFF2AF6699F00C0E501 = {
			isa = PBXGroup;
			children = (
				65F97E0A2AF669A000C0E501 /* Psycheros */,
				65F97E1E2AF669A100C0E501 /* PsycherosTests */,
				65F97E092AF6699F00C0E501 /* Products */,
			);
			sourceTree = "<group>";
		};
		65F97E092AF6699F00C0E501 /* Products */ = {
			isa = PBXGroup;
			children = (
				65F97E082AF6699F00C0E501 /* Psycheros.app */,
				65F97E1B2AF669A100C0E501 /* PsycherosTests.xctest */,
			);
			name = Products;
			sourceTree = "<group>";
		};
		65F97E0A2AF669A000C0E501 /* Psycheros */ = {
			isa = PBXGroup;
			children = (
				65F97E3A2AF66DB200C0E501 /* App */,
				65F97E382AF66D9A00C0E501 /* Assets */,
				65F97E392AF66DA300C0E501 /* Config */,
			);
			path = Psycheros;
			sourceTree = "<group>";
		};
		65F97E1E2AF669A100C0E501 /* PsycherosTests */ = {
			isa = PBXGroup;
			children = (
				65FC2C252AFC2F4300ED4EA3 /* Helpers */,
				65250CBD2AF7F3B8006BB662 /* Logic */,
				65AA66952AF7B2B900C2BCD6 /* Models */,
				6550C7F02B28F41200B27030 /* User Interface */,
				65250CB22AF7BDFA006BB662 /* Psycheros.xctestplan */,
			);
			path = PsycherosTests;
			sourceTree = "<group>";
		};
		65F97E382AF66D9A00C0E501 /* Assets */ = {
			isa = PBXGroup;
			children = (
				65F97E112AF669A100C0E501 /* Assets.xcassets */,
			);
			path = Assets;
			sourceTree = "<group>";
		};
		65F97E392AF66DA300C0E501 /* Config */ = {
			isa = PBXGroup;
			children = (
				651A16032AF97E55002AB363 /* config.xcconfig */,
				651A16042AF9860F002AB363 /* Info.plist */,
				65F97E132AF669A100C0E501 /* Psycheros.entitlements */,
			);
			path = Config;
			sourceTree = "<group>";
		};
		65F97E3A2AF66DB200C0E501 /* App */ = {
			isa = PBXGroup;
			children = (
				65B545EB2AFD6D4300B75EDE /* Extensions */,
				65250CB82AF7F38D006BB662 /* Logic */,
				65F97E3B2AF66DC000C0E501 /* Models */,
				65E034E12B26134C001B5F99 /* User Interface */,
			);
			path = App;
			sourceTree = "<group>";
		};
		65F97E3B2AF66DC000C0E501 /* Models */ = {
			isa = PBXGroup;
			children = (
				65F97E0F2AF669A000C0E501 /* BackgroundEntry.swift */,
				65250CB52AF7DA87006BB662 /* ImageQuery.swift */,
			);
			path = Models;
			sourceTree = "<group>";
		};
		65FC2C252AFC2F4300ED4EA3 /* Helpers */ = {
			isa = PBXGroup;
			children = (
				652406842AFEC4B500AE193D /* Mock */,
				6533D7052AF8421E00B15CFA /* Spy */,
				7B9928E62B2F0743008667AB /* Extensions */,
				6550C7F62B28F7ED00B27030 /* Assets.xcassets */,
			);
			path = Helpers;
			sourceTree = "<group>";
		};
		7B9928E62B2F0743008667AB /* Extensions */ = {
			isa = PBXGroup;
			children = (
				65FC2C262AFC2F5900ED4EA3 /* XCTestCaseExtensions.swift */,
			);
			path = Extensions;
			sourceTree = "<group>";
		};
/* End PBXGroup section */

/* Begin PBXNativeTarget section */
		65F97E072AF6699F00C0E501 /* Psycheros */ = {
			isa = PBXNativeTarget;
			buildConfigurationList = 65F97E2F2AF669A100C0E501 /* Build configuration list for PBXNativeTarget "Psycheros" */;
			buildPhases = (
				65F97E042AF6699F00C0E501 /* Sources */,
				65F97E052AF6699F00C0E501 /* Frameworks */,
				65F97E062AF6699F00C0E501 /* Resources */,
			);
			buildRules = (
			);
			dependencies = (
				651A16072AF98B25002AB363 /* PBXTargetDependency */,
			);
			name = Psycheros;
			packageProductDependencies = (
			);
			productName = Psycheros;
			productReference = 65F97E082AF6699F00C0E501 /* Psycheros.app */;
			productType = "com.apple.product-type.application";
		};
		65F97E1A2AF669A100C0E501 /* PsycherosTests */ = {
			isa = PBXNativeTarget;
			buildConfigurationList = 65F97E322AF669A100C0E501 /* Build configuration list for PBXNativeTarget "PsycherosTests" */;
			buildPhases = (
				65F97E172AF669A100C0E501 /* Sources */,
				65F97E182AF669A100C0E501 /* Frameworks */,
				65F97E192AF669A100C0E501 /* Resources */,
			);
			buildRules = (
			);
			dependencies = (
				65F97E1D2AF669A100C0E501 /* PBXTargetDependency */,
			);
			name = PsycherosTests;
			productName = PsycherosTests;
			productReference = 65F97E1B2AF669A100C0E501 /* PsycherosTests.xctest */;
			productType = "com.apple.product-type.bundle.unit-test";
		};
/* End PBXNativeTarget section */

/* Begin PBXProject section */
		65F97E002AF6699F00C0E501 /* Project object */ = {
			isa = PBXProject;
			attributes = {
				BuildIndependentTargetsInParallel = 1;
				LastSwiftUpdateCheck = 1500;
				LastUpgradeCheck = 1500;
				TargetAttributes = {
					65F97E072AF6699F00C0E501 = {
						CreatedOnToolsVersion = 15.0;
					};
					65F97E1A2AF669A100C0E501 = {
						CreatedOnToolsVersion = 15.0;
						TestTargetID = 65F97E072AF6699F00C0E501;
					};
				};
			};
			buildConfigurationList = 65F97E032AF6699F00C0E501 /* Build configuration list for PBXProject "Psycheros" */;
			compatibilityVersion = "Xcode 14.0";
			developmentRegion = en;
			hasScannedForEncodings = 0;
			knownRegions = (
				en,
				Base,
			);
			mainGroup = 65F97DFF2AF6699F00C0E501;
			packageReferences = (
			);
			productRefGroup = 65F97E092AF6699F00C0E501 /* Products */;
			projectDirPath = "";
			projectRoot = "";
			targets = (
				65F97E072AF6699F00C0E501 /* Psycheros */,
				65F97E1A2AF669A100C0E501 /* PsycherosTests */,
			);
		};
/* End PBXProject section */

/* Begin PBXResourcesBuildPhase section */
		65F97E062AF6699F00C0E501 /* Resources */ = {
			isa = PBXResourcesBuildPhase;
			buildActionMask = 2147483647;
			files = (
				65F97E122AF669A100C0E501 /* Assets.xcassets in Resources */,
			);
			runOnlyForDeploymentPostprocessing = 0;
		};
		65F97E192AF669A100C0E501 /* Resources */ = {
			isa = PBXResourcesBuildPhase;
			buildActionMask = 2147483647;
			files = (
				6550C7F72B28F7ED00B27030 /* Assets.xcassets in Resources */,
			);
			runOnlyForDeploymentPostprocessing = 0;
		};
/* End PBXResourcesBuildPhase section */

/* Begin PBXSourcesBuildPhase section */
		65F97E042AF6699F00C0E501 /* Sources */ = {
			isa = PBXSourcesBuildPhase;
			buildActionMask = 2147483647;
			files = (
				6524068F2AFF8EEC00AE193D /* ImageServiceResponse.swift in Sources */,
				6550C7EE2B28F3E800B27030 /* GenerateImageViewModel.swift in Sources */,
				65250CD42AF83425006BB662 /* PromptGenerator.swift in Sources */,
				65E034DA2B23CC05001B5F99 /* ImageDataParser.swift in Sources */,
				659A92CF2AFAF4FC00A6F351 /* ImageRequestModel.swift in Sources */,
				7B9928E82B2F4047008667AB /* ShadowModifier.swift in Sources */,
				659A92C72AFAD77D00A6F351 /* ImageServiceRequest.swift in Sources */,
				65AA66932AF7B29E00C2BCD6 /* BackgroundEntry.swift in Sources */,
				65250CBB2AF7F3B3006BB662 /* ImageGenerator.swift in Sources */,
				65250CD72AF8346B006BB662 /* ImageService.swift in Sources */,
				7B9928EA2B2F9BA3008667AB /* PillButtonShape.swift in Sources */,
				65B545E62AFD6A3100B75EDE /* ImageRequestModelImageSize.swift in Sources */,
				652406802AFEBE7B00AE193D /* NetworkSession.swift in Sources */,
				6550CBDF2B2A2DFE00B27030 /* ShapeButtonStyle.swift in Sources */,
				652406882AFEEB5C00AE193D /* NetworkResponseValidator.swift in Sources */,
				65F97E0E2AF669A000C0E501 /* GenerateImageView.swift in Sources */,
				65F97E0C2AF669A000C0E501 /* PsycherosApp.swift in Sources */,
				65F8219F2B2B8E6400B5F745 /* BlurEffectModifier.swift in Sources */,
				65250CB62AF7DA87006BB662 /* ImageQuery.swift in Sources */,
				65B545E92AFD6D3000B75EDE /* Extensions.swift in Sources */,
			);
			runOnlyForDeploymentPostprocessing = 0;
		};
		65F97E172AF669A100C0E501 /* Sources */ = {
			isa = PBXSourcesBuildPhase;
			buildActionMask = 2147483647;
			files = (
				65FC2C272AFC2F5900ED4EA3 /* XCTestCaseExtensions.swift in Sources */,
				65E034DF2B23D1A4001B5F99 /* SpyImageDataParser.swift in Sources */,
				652406812AFEBE7B00AE193D /* NetworkSession.swift in Sources */,
				65250CD52AF83425006BB662 /* PromptGenerator.swift in Sources */,
				65250CDA2AF83491006BB662 /* PromptGeneratorTests.swift in Sources */,
				65AA66942AF7B2A600C2BCD6 /* BackgroundEntry.swift in Sources */,
				65B545ED2AFD92EE00B75EDE /* SpyImageService.swift in Sources */,
				65250CC02AF7F3D2006BB662 /* ImageGeneratorTests.swift in Sources */,
				65B545EA2AFD6D3000B75EDE /* Extensions.swift in Sources */,
				65250CD82AF8346B006BB662 /* ImageService.swift in Sources */,
				659A92D02AFAF4FC00A6F351 /* ImageRequestModel.swift in Sources */,
				65B545E72AFD6A6A00B75EDE /* ImageRequestModelImageSize.swift in Sources */,
				65B545E42AFD600E00B75EDE /* ImageRequestModelTests.swift in Sources */,
				6550C7EF2B28F3E800B27030 /* GenerateImageViewModel.swift in Sources */,
				652406862AFEC4C100AE193D /* MockNetworkSession.swift in Sources */,
				65250CBC2AF7F3B3006BB662 /* ImageGenerator.swift in Sources */,
				6524068B2AFEEB7D00AE193D /* NetworkResponseValidatorTests.swift in Sources */,
				652406902AFF8EEC00AE193D /* ImageServiceResponse.swift in Sources */,
				65E034DD2B23CC9F001B5F99 /* ImageDataParser.swift in Sources */,
				659A92C82AFAD77D00A6F351 /* ImageServiceRequest.swift in Sources */,
				65E034DC2B23CC18001B5F99 /* ImageDataParserTests.swift in Sources */,
				65250CB72AF7DA87006BB662 /* ImageQuery.swift in Sources */,
				6550C7F32B28F43900B27030 /* GenerateImageViewModelTests.swift in Sources */,
				6550C7F52B28F7B600B27030 /* MockImageGenerator.swift in Sources */,
				65AA66972AF7B2C500C2BCD6 /* BackgroundEntryTests.swift in Sources */,
				659A92CC2AFADB2600A6F351 /* ImageServiceRequestTests.swift in Sources */,
				65250CB42AF7D8AA006BB662 /* ImageQueryTests.swift in Sources */,
				652406892AFEEB5C00AE193D /* NetworkResponseValidator.swift in Sources */,
				652406942AFF98E900AE193D /* ImageServiceResponseTests.swift in Sources */,
				65250CDC2AF8349B006BB662 /* ImageServiceTests.swift in Sources */,
			);
			runOnlyForDeploymentPostprocessing = 0;
		};
/* End PBXSourcesBuildPhase section */

/* Begin PBXTargetDependency section */
		651A16072AF98B25002AB363 /* PBXTargetDependency */ = {
			isa = PBXTargetDependency;
			productRef = 651A16062AF98B25002AB363 /* SwiftLintPlugin */;
		};
		65F97E1D2AF669A100C0E501 /* PBXTargetDependency */ = {
			isa = PBXTargetDependency;
			target = 65F97E072AF6699F00C0E501 /* Psycheros */;
			targetProxy = 65F97E1C2AF669A100C0E501 /* PBXContainerItemProxy */;
		};
/* End PBXTargetDependency section */

/* Begin XCBuildConfiguration section */
		65F97E2D2AF669A100C0E501 /* Debug */ = {
			isa = XCBuildConfiguration;
			baseConfigurationReference = 651A16032AF97E55002AB363 /* config.xcconfig */;
			buildSettings = {
				ALWAYS_SEARCH_USER_PATHS = NO;
				ASSETCATALOG_COMPILER_GENERATE_SWIFT_ASSET_SYMBOL_EXTENSIONS = YES;
				CLANG_ANALYZER_NONNULL = YES;
				CLANG_ANALYZER_NUMBER_OBJECT_CONVERSION = YES_AGGRESSIVE;
				CLANG_CXX_LANGUAGE_STANDARD = "gnu++20";
				CLANG_ENABLE_MODULES = YES;
				CLANG_ENABLE_OBJC_ARC = YES;
				CLANG_ENABLE_OBJC_WEAK = YES;
				CLANG_WARN_BLOCK_CAPTURE_AUTORELEASING = YES;
				CLANG_WARN_BOOL_CONVERSION = YES;
				CLANG_WARN_COMMA = YES;
				CLANG_WARN_CONSTANT_CONVERSION = YES;
				CLANG_WARN_DEPRECATED_OBJC_IMPLEMENTATIONS = YES;
				CLANG_WARN_DIRECT_OBJC_ISA_USAGE = YES_ERROR;
				CLANG_WARN_DOCUMENTATION_COMMENTS = YES;
				CLANG_WARN_EMPTY_BODY = YES;
				CLANG_WARN_ENUM_CONVERSION = YES;
				CLANG_WARN_INFINITE_RECURSION = YES;
				CLANG_WARN_INT_CONVERSION = YES;
				CLANG_WARN_NON_LITERAL_NULL_CONVERSION = YES;
				CLANG_WARN_OBJC_IMPLICIT_RETAIN_SELF = YES;
				CLANG_WARN_OBJC_LITERAL_CONVERSION = YES;
				CLANG_WARN_OBJC_ROOT_CLASS = YES_ERROR;
				CLANG_WARN_QUOTED_INCLUDE_IN_FRAMEWORK_HEADER = YES;
				CLANG_WARN_RANGE_LOOP_ANALYSIS = YES;
				CLANG_WARN_STRICT_PROTOTYPES = YES;
				CLANG_WARN_SUSPICIOUS_MOVE = YES;
				CLANG_WARN_UNGUARDED_AVAILABILITY = YES_AGGRESSIVE;
				CLANG_WARN_UNREACHABLE_CODE = YES;
				CLANG_WARN__DUPLICATE_METHOD_MATCH = YES;
				COPY_PHASE_STRIP = NO;
				DEBUG_INFORMATION_FORMAT = dwarf;
				ENABLE_STRICT_OBJC_MSGSEND = YES;
				ENABLE_TESTABILITY = YES;
				ENABLE_USER_SCRIPT_SANDBOXING = YES;
				GCC_C_LANGUAGE_STANDARD = gnu17;
				GCC_DYNAMIC_NO_PIC = NO;
				GCC_NO_COMMON_BLOCKS = YES;
				GCC_OPTIMIZATION_LEVEL = 0;
				GCC_PREPROCESSOR_DEFINITIONS = (
					"DEBUG=1",
					"$(inherited)",
				);
				GCC_WARN_64_TO_32_BIT_CONVERSION = YES;
				GCC_WARN_ABOUT_RETURN_TYPE = YES_ERROR;
				GCC_WARN_UNDECLARED_SELECTOR = YES;
				GCC_WARN_UNINITIALIZED_AUTOS = YES_AGGRESSIVE;
				GCC_WARN_UNUSED_FUNCTION = YES;
				GCC_WARN_UNUSED_VARIABLE = YES;
				IPHONEOS_DEPLOYMENT_TARGET = 17.0;
				LOCALIZATION_PREFERS_STRING_CATALOGS = YES;
				MTL_ENABLE_DEBUG_INFO = INCLUDE_SOURCE;
				MTL_FAST_MATH = YES;
				ONLY_ACTIVE_ARCH = YES;
				SDKROOT = iphoneos;
				SWIFT_ACTIVE_COMPILATION_CONDITIONS = "DEBUG $(inherited)";
				SWIFT_OPTIMIZATION_LEVEL = "-Onone";
			};
			name = Debug;
		};
		65F97E2E2AF669A100C0E501 /* Release */ = {
			isa = XCBuildConfiguration;
			buildSettings = {
				ALWAYS_SEARCH_USER_PATHS = NO;
				ASSETCATALOG_COMPILER_GENERATE_SWIFT_ASSET_SYMBOL_EXTENSIONS = YES;
				CLANG_ANALYZER_NONNULL = YES;
				CLANG_ANALYZER_NUMBER_OBJECT_CONVERSION = YES_AGGRESSIVE;
				CLANG_CXX_LANGUAGE_STANDARD = "gnu++20";
				CLANG_ENABLE_MODULES = YES;
				CLANG_ENABLE_OBJC_ARC = YES;
				CLANG_ENABLE_OBJC_WEAK = YES;
				CLANG_WARN_BLOCK_CAPTURE_AUTORELEASING = YES;
				CLANG_WARN_BOOL_CONVERSION = YES;
				CLANG_WARN_COMMA = YES;
				CLANG_WARN_CONSTANT_CONVERSION = YES;
				CLANG_WARN_DEPRECATED_OBJC_IMPLEMENTATIONS = YES;
				CLANG_WARN_DIRECT_OBJC_ISA_USAGE = YES_ERROR;
				CLANG_WARN_DOCUMENTATION_COMMENTS = YES;
				CLANG_WARN_EMPTY_BODY = YES;
				CLANG_WARN_ENUM_CONVERSION = YES;
				CLANG_WARN_INFINITE_RECURSION = YES;
				CLANG_WARN_INT_CONVERSION = YES;
				CLANG_WARN_NON_LITERAL_NULL_CONVERSION = YES;
				CLANG_WARN_OBJC_IMPLICIT_RETAIN_SELF = YES;
				CLANG_WARN_OBJC_LITERAL_CONVERSION = YES;
				CLANG_WARN_OBJC_ROOT_CLASS = YES_ERROR;
				CLANG_WARN_QUOTED_INCLUDE_IN_FRAMEWORK_HEADER = YES;
				CLANG_WARN_RANGE_LOOP_ANALYSIS = YES;
				CLANG_WARN_STRICT_PROTOTYPES = YES;
				CLANG_WARN_SUSPICIOUS_MOVE = YES;
				CLANG_WARN_UNGUARDED_AVAILABILITY = YES_AGGRESSIVE;
				CLANG_WARN_UNREACHABLE_CODE = YES;
				CLANG_WARN__DUPLICATE_METHOD_MATCH = YES;
				COPY_PHASE_STRIP = NO;
				DEBUG_INFORMATION_FORMAT = "dwarf-with-dsym";
				ENABLE_NS_ASSERTIONS = NO;
				ENABLE_STRICT_OBJC_MSGSEND = YES;
				ENABLE_USER_SCRIPT_SANDBOXING = YES;
				GCC_C_LANGUAGE_STANDARD = gnu17;
				GCC_NO_COMMON_BLOCKS = YES;
				GCC_WARN_64_TO_32_BIT_CONVERSION = YES;
				GCC_WARN_ABOUT_RETURN_TYPE = YES_ERROR;
				GCC_WARN_UNDECLARED_SELECTOR = YES;
				GCC_WARN_UNINITIALIZED_AUTOS = YES_AGGRESSIVE;
				GCC_WARN_UNUSED_FUNCTION = YES;
				GCC_WARN_UNUSED_VARIABLE = YES;
				IPHONEOS_DEPLOYMENT_TARGET = 17.0;
				LOCALIZATION_PREFERS_STRING_CATALOGS = YES;
				MTL_ENABLE_DEBUG_INFO = NO;
				MTL_FAST_MATH = YES;
				SDKROOT = iphoneos;
				SWIFT_COMPILATION_MODE = wholemodule;
			};
			name = Release;
		};
		65F97E302AF669A100C0E501 /* Debug */ = {
			isa = XCBuildConfiguration;
			buildSettings = {
				ASSETCATALOG_COMPILER_APPICON_NAME = AppIcon;
				ASSETCATALOG_COMPILER_GLOBAL_ACCENT_COLOR_NAME = AccentColor;
				CODE_SIGN_ENTITLEMENTS = Psycheros/Config/Psycheros.entitlements;
				CODE_SIGN_STYLE = Automatic;
				CURRENT_PROJECT_VERSION = 1;
				DEVELOPMENT_TEAM = 35ZPK8FK39;
				ENABLE_HARDENED_RUNTIME = YES;
				ENABLE_PREVIEWS = YES;
				GENERATE_INFOPLIST_FILE = YES;
				INFOPLIST_FILE = Psycheros/Config/Info.plist;
				INFOPLIST_KEY_LSApplicationCategoryType = "";
				"INFOPLIST_KEY_UIApplicationSceneManifest_Generation[sdk=iphoneos*]" = YES;
				"INFOPLIST_KEY_UIApplicationSceneManifest_Generation[sdk=iphonesimulator*]" = YES;
				"INFOPLIST_KEY_UIApplicationSupportsIndirectInputEvents[sdk=iphoneos*]" = YES;
				"INFOPLIST_KEY_UIApplicationSupportsIndirectInputEvents[sdk=iphonesimulator*]" = YES;
				"INFOPLIST_KEY_UILaunchScreen_Generation[sdk=iphoneos*]" = YES;
				"INFOPLIST_KEY_UILaunchScreen_Generation[sdk=iphonesimulator*]" = YES;
				"INFOPLIST_KEY_UIStatusBarStyle[sdk=iphoneos*]" = UIStatusBarStyleDefault;
				"INFOPLIST_KEY_UIStatusBarStyle[sdk=iphonesimulator*]" = UIStatusBarStyleDefault;
				INFOPLIST_KEY_UISupportedInterfaceOrientations_iPad = "UIInterfaceOrientationPortrait UIInterfaceOrientationPortraitUpsideDown UIInterfaceOrientationLandscapeLeft UIInterfaceOrientationLandscapeRight";
				INFOPLIST_KEY_UISupportedInterfaceOrientations_iPhone = "UIInterfaceOrientationPortrait UIInterfaceOrientationLandscapeLeft UIInterfaceOrientationLandscapeRight";
				IPHONEOS_DEPLOYMENT_TARGET = 17.0;
				LD_RUNPATH_SEARCH_PATHS = "@executable_path/Frameworks";
				"LD_RUNPATH_SEARCH_PATHS[sdk=macosx*]" = "@executable_path/../Frameworks";
				MACOSX_DEPLOYMENT_TARGET = 14.0;
				MARKETING_VERSION = 1.0;
				PRODUCT_BUNDLE_IDENTIFIER = nl.danielkroese.Psycheros;
				PRODUCT_NAME = "$(TARGET_NAME)";
				SDKROOT = auto;
				SUPPORTED_PLATFORMS = "iphonesimulator iphoneos";
				SWIFT_EMIT_LOC_STRINGS = YES;
				SWIFT_VERSION = 5.0;
				TARGETED_DEVICE_FAMILY = "1,2";
				TEST_HOST = "$(BUILT_PRODUCTS_DIR)/Psycheros.app/$(BUNDLE_EXECUTABLE_FOLDER_PATH)/Psycheros";
			};
			name = Debug;
		};
		65F97E312AF669A100C0E501 /* Release */ = {
			isa = XCBuildConfiguration;
			buildSettings = {
				ASSETCATALOG_COMPILER_APPICON_NAME = AppIcon;
				ASSETCATALOG_COMPILER_GLOBAL_ACCENT_COLOR_NAME = AccentColor;
				CODE_SIGN_ENTITLEMENTS = Psycheros/Config/Psycheros.entitlements;
				CODE_SIGN_STYLE = Automatic;
				CURRENT_PROJECT_VERSION = 1;
				DEVELOPMENT_TEAM = 35ZPK8FK39;
				ENABLE_HARDENED_RUNTIME = YES;
				ENABLE_PREVIEWS = YES;
				GENERATE_INFOPLIST_FILE = YES;
				INFOPLIST_FILE = Psycheros/Config/Info.plist;
				INFOPLIST_KEY_LSApplicationCategoryType = "";
				"INFOPLIST_KEY_UIApplicationSceneManifest_Generation[sdk=iphoneos*]" = YES;
				"INFOPLIST_KEY_UIApplicationSceneManifest_Generation[sdk=iphonesimulator*]" = YES;
				"INFOPLIST_KEY_UIApplicationSupportsIndirectInputEvents[sdk=iphoneos*]" = YES;
				"INFOPLIST_KEY_UIApplicationSupportsIndirectInputEvents[sdk=iphonesimulator*]" = YES;
				"INFOPLIST_KEY_UILaunchScreen_Generation[sdk=iphoneos*]" = YES;
				"INFOPLIST_KEY_UILaunchScreen_Generation[sdk=iphonesimulator*]" = YES;
				"INFOPLIST_KEY_UIStatusBarStyle[sdk=iphoneos*]" = UIStatusBarStyleDefault;
				"INFOPLIST_KEY_UIStatusBarStyle[sdk=iphonesimulator*]" = UIStatusBarStyleDefault;
				INFOPLIST_KEY_UISupportedInterfaceOrientations_iPad = "UIInterfaceOrientationPortrait UIInterfaceOrientationPortraitUpsideDown UIInterfaceOrientationLandscapeLeft UIInterfaceOrientationLandscapeRight";
				INFOPLIST_KEY_UISupportedInterfaceOrientations_iPhone = "UIInterfaceOrientationPortrait UIInterfaceOrientationLandscapeLeft UIInterfaceOrientationLandscapeRight";
				IPHONEOS_DEPLOYMENT_TARGET = 17.0;
				LD_RUNPATH_SEARCH_PATHS = "@executable_path/Frameworks";
				"LD_RUNPATH_SEARCH_PATHS[sdk=macosx*]" = "@executable_path/../Frameworks";
				MACOSX_DEPLOYMENT_TARGET = 14.0;
				MARKETING_VERSION = 1.0;
				PRODUCT_BUNDLE_IDENTIFIER = nl.danielkroese.Psycheros;
				PRODUCT_NAME = "$(TARGET_NAME)";
				SDKROOT = auto;
				SUPPORTED_PLATFORMS = "iphonesimulator iphoneos";
				SWIFT_EMIT_LOC_STRINGS = YES;
				SWIFT_VERSION = 5.0;
				TARGETED_DEVICE_FAMILY = "1,2";
				TEST_HOST = "$(BUILT_PRODUCTS_DIR)/Psycheros.app/$(BUNDLE_EXECUTABLE_FOLDER_PATH)/Psycheros";
			};
			name = Release;
		};
		65F97E332AF669A100C0E501 /* Debug */ = {
			isa = XCBuildConfiguration;
			buildSettings = {
				ALWAYS_EMBED_SWIFT_STANDARD_LIBRARIES = YES;
				CODE_SIGN_STYLE = Automatic;
				CURRENT_PROJECT_VERSION = 1;
				DEVELOPMENT_TEAM = 35ZPK8FK39;
				GENERATE_INFOPLIST_FILE = YES;
				IPHONEOS_DEPLOYMENT_TARGET = 17.0;
				MACOSX_DEPLOYMENT_TARGET = 14.0;
				MARKETING_VERSION = 1.0;
				PRODUCT_BUNDLE_IDENTIFIER = nl.danielkroese.PsycherosTests;
				PRODUCT_NAME = "$(TARGET_NAME)";
				SDKROOT = auto;
				SUPPORTED_PLATFORMS = "iphonesimulator iphoneos";
				SWIFT_EMIT_LOC_STRINGS = NO;
				SWIFT_VERSION = 5.0;
				TARGETED_DEVICE_FAMILY = "1,2";
				TEST_HOST = "$(BUILT_PRODUCTS_DIR)/Psycheros.app/$(BUNDLE_EXECUTABLE_FOLDER_PATH)/Psycheros";
			};
			name = Debug;
		};
		65F97E342AF669A100C0E501 /* Release */ = {
			isa = XCBuildConfiguration;
			buildSettings = {
				ALWAYS_EMBED_SWIFT_STANDARD_LIBRARIES = YES;
				CODE_SIGN_STYLE = Automatic;
				CURRENT_PROJECT_VERSION = 1;
				DEVELOPMENT_TEAM = 35ZPK8FK39;
				GENERATE_INFOPLIST_FILE = YES;
				IPHONEOS_DEPLOYMENT_TARGET = 17.0;
				MACOSX_DEPLOYMENT_TARGET = 14.0;
				MARKETING_VERSION = 1.0;
				PRODUCT_BUNDLE_IDENTIFIER = nl.danielkroese.PsycherosTests;
				PRODUCT_NAME = "$(TARGET_NAME)";
				SDKROOT = auto;
				SUPPORTED_PLATFORMS = "iphonesimulator iphoneos";
				SWIFT_EMIT_LOC_STRINGS = NO;
				SWIFT_VERSION = 5.0;
				TARGETED_DEVICE_FAMILY = "1,2";
				TEST_HOST = "$(BUILT_PRODUCTS_DIR)/Psycheros.app/$(BUNDLE_EXECUTABLE_FOLDER_PATH)/Psycheros";
			};
			name = Release;
		};
/* End XCBuildConfiguration section */

/* Begin XCConfigurationList section */
		65F97E032AF6699F00C0E501 /* Build configuration list for PBXProject "Psycheros" */ = {
			isa = XCConfigurationList;
			buildConfigurations = (
				65F97E2D2AF669A100C0E501 /* Debug */,
				65F97E2E2AF669A100C0E501 /* Release */,
			);
			defaultConfigurationIsVisible = 0;
			defaultConfigurationName = Release;
		};
		65F97E2F2AF669A100C0E501 /* Build configuration list for PBXNativeTarget "Psycheros" */ = {
			isa = XCConfigurationList;
			buildConfigurations = (
				65F97E302AF669A100C0E501 /* Debug */,
				65F97E312AF669A100C0E501 /* Release */,
			);
			defaultConfigurationIsVisible = 0;
			defaultConfigurationName = Release;
		};
		65F97E322AF669A100C0E501 /* Build configuration list for PBXNativeTarget "PsycherosTests" */ = {
			isa = XCConfigurationList;
			buildConfigurations = (
				65F97E332AF669A100C0E501 /* Debug */,
				65F97E342AF669A100C0E501 /* Release */,
			);
			defaultConfigurationIsVisible = 0;
			defaultConfigurationName = Release;
		};
/* End XCConfigurationList section */

/* Begin XCRemoteSwiftPackageReference section */
		651A16052AF98991002AB363 /* XCRemoteSwiftPackageReference "SwiftLint" */ = {
			isa = XCRemoteSwiftPackageReference;
			repositoryURL = "https://github.com/realm/SwiftLint.git";
			requirement = {
				kind = upToNextMajorVersion;
				minimumVersion = 0.53.0;
			};
		};
/* End XCRemoteSwiftPackageReference section */

/* Begin XCSwiftPackageProductDependency section */
		651A16062AF98B25002AB363 /* SwiftLintPlugin */ = {
			isa = XCSwiftPackageProductDependency;
			package = 651A16052AF98991002AB363 /* XCRemoteSwiftPackageReference "SwiftLint" */;
			productName = "plugin:SwiftLintPlugin";
		};
/* End XCSwiftPackageProductDependency section */
	};
	rootObject = 65F97E002AF6699F00C0E501 /* Project object */;
}
