// !$*UTF8*$!
{
	archiveVersion = 1;
	classes = {
	};
	objectVersion = 56;
	objects = {

/* Begin PBXBuildFile section */
		65AA66932AF7B29E00C2BCD6 /* JournalEntry.swift in Sources */ = {isa = PBXBuildFile; fileRef = 65F97E0F2AF669A000C0E501 /* JournalEntry.swift */; };
		65AA66942AF7B2A600C2BCD6 /* JournalEntry.swift in Sources */ = {isa = PBXBuildFile; fileRef = 65F97E0F2AF669A000C0E501 /* JournalEntry.swift */; };
		65AA66972AF7B2C500C2BCD6 /* JournalEntryTests.swift in Sources */ = {isa = PBXBuildFile; fileRef = 65AA66962AF7B2C500C2BCD6 /* JournalEntryTests.swift */; };
		65F97E0C2AF669A000C0E501 /* PsycherosApp.swift in Sources */ = {isa = PBXBuildFile; fileRef = 65F97E0B2AF669A000C0E501 /* PsycherosApp.swift */; };
		65F97E0E2AF669A000C0E501 /* ContentView.swift in Sources */ = {isa = PBXBuildFile; fileRef = 65F97E0D2AF669A000C0E501 /* ContentView.swift */; };
		65F97E122AF669A100C0E501 /* Assets.xcassets in Resources */ = {isa = PBXBuildFile; fileRef = 65F97E112AF669A100C0E501 /* Assets.xcassets */; };
		65F97E202AF669A100C0E501 /* PsycherosTests.swift in Sources */ = {isa = PBXBuildFile; fileRef = 65F97E1F2AF669A100C0E501 /* PsycherosTests.swift */; };
		65F97E3D2AF696FD00C0E501 /* NewEntryView.swift in Sources */ = {isa = PBXBuildFile; fileRef = 65F97E3C2AF696FD00C0E501 /* NewEntryView.swift */; };
/* End PBXBuildFile section */

/* Begin PBXContainerItemProxy section */
		65F97E1C2AF669A100C0E501 /* PBXContainerItemProxy */ = {
			isa = PBXContainerItemProxy;
			containerPortal = 65F97E002AF6699F00C0E501 /* Project object */;
			proxyType = 1;
			remoteGlobalIDString = 65F97E072AF6699F00C0E501;
			remoteInfo = Psycheros;
		};
/* End PBXContainerItemProxy section */

/* Begin PBXFileReference section */
		65AA66962AF7B2C500C2BCD6 /* JournalEntryTests.swift */ = {isa = PBXFileReference; lastKnownFileType = sourcecode.swift; path = JournalEntryTests.swift; sourceTree = "<group>"; };
		65F97E082AF6699F00C0E501 /* Psycheros.app */ = {isa = PBXFileReference; explicitFileType = wrapper.application; includeInIndex = 0; path = Psycheros.app; sourceTree = BUILT_PRODUCTS_DIR; };
		65F97E0B2AF669A000C0E501 /* PsycherosApp.swift */ = {isa = PBXFileReference; lastKnownFileType = sourcecode.swift; path = PsycherosApp.swift; sourceTree = "<group>"; };
		65F97E0D2AF669A000C0E501 /* ContentView.swift */ = {isa = PBXFileReference; lastKnownFileType = sourcecode.swift; path = ContentView.swift; sourceTree = "<group>"; };
		65F97E0F2AF669A000C0E501 /* JournalEntry.swift */ = {isa = PBXFileReference; lastKnownFileType = sourcecode.swift; path = JournalEntry.swift; sourceTree = "<group>"; };
		65F97E112AF669A100C0E501 /* Assets.xcassets */ = {isa = PBXFileReference; lastKnownFileType = folder.assetcatalog; path = Assets.xcassets; sourceTree = "<group>"; };
		65F97E132AF669A100C0E501 /* Psycheros.entitlements */ = {isa = PBXFileReference; lastKnownFileType = text.plist.entitlements; path = Psycheros.entitlements; sourceTree = "<group>"; };
		65F97E1B2AF669A100C0E501 /* PsycherosTests.xctest */ = {isa = PBXFileReference; explicitFileType = wrapper.cfbundle; includeInIndex = 0; path = PsycherosTests.xctest; sourceTree = BUILT_PRODUCTS_DIR; };
		65F97E1F2AF669A100C0E501 /* PsycherosTests.swift */ = {isa = PBXFileReference; lastKnownFileType = sourcecode.swift; path = PsycherosTests.swift; sourceTree = "<group>"; };
		65F97E3C2AF696FD00C0E501 /* NewEntryView.swift */ = {isa = PBXFileReference; lastKnownFileType = sourcecode.swift; path = NewEntryView.swift; sourceTree = "<group>"; };
/* End PBXFileReference section */

/* Begin PBXFrameworksBuildPhase section */
		65F97E052AF6699F00C0E501 /* Frameworks */ = {
			isa = PBXFrameworksBuildPhase;
			buildActionMask = 2147483647;
			files = (
			);
			runOnlyForDeploymentPostprocessing = 0;
		};
		65F97E182AF669A100C0E501 /* Frameworks */ = {
			isa = PBXFrameworksBuildPhase;
			buildActionMask = 2147483647;
			files = (
			);
			runOnlyForDeploymentPostprocessing = 0;
		};
/* End PBXFrameworksBuildPhase section */

/* Begin PBXGroup section */
		65AA66952AF7B2B900C2BCD6 /* Models */ = {
			isa = PBXGroup;
			children = (
				65AA66962AF7B2C500C2BCD6 /* JournalEntryTests.swift */,
			);
			path = Models;
			sourceTree = "<group>";
		};
		65F97DFF2AF6699F00C0E501 = {
			isa = PBXGroup;
			children = (
				65F97E0A2AF669A000C0E501 /* Psycheros */,
				65F97E1E2AF669A100C0E501 /* PsycherosTests */,
				65F97E092AF6699F00C0E501 /* Products */,
			);
			sourceTree = "<group>";
		};
		65F97E092AF6699F00C0E501 /* Products */ = {
			isa = PBXGroup;
			children = (
				65F97E082AF6699F00C0E501 /* Psycheros.app */,
				65F97E1B2AF669A100C0E501 /* PsycherosTests.xctest */,
			);
			name = Products;
			sourceTree = "<group>";
		};
		65F97E0A2AF669A000C0E501 /* Psycheros */ = {
			isa = PBXGroup;
			children = (
				65F97E3B2AF66DC000C0E501 /* Models */,
				65F97E3A2AF66DB200C0E501 /* App */,
				65F97E392AF66DA300C0E501 /* Config */,
				65F97E382AF66D9A00C0E501 /* Assets */,
			);
			path = Psycheros;
			sourceTree = "<group>";
		};
		65F97E1E2AF669A100C0E501 /* PsycherosTests */ = {
			isa = PBXGroup;
			children = (
				65AA66952AF7B2B900C2BCD6 /* Models */,
				65F97E1F2AF669A100C0E501 /* PsycherosTests.swift */,
			);
			path = PsycherosTests;
			sourceTree = "<group>";
		};
		65F97E382AF66D9A00C0E501 /* Assets */ = {
			isa = PBXGroup;
			children = (
				65F97E112AF669A100C0E501 /* Assets.xcassets */,
			);
			path = Assets;
			sourceTree = "<group>";
		};
		65F97E392AF66DA300C0E501 /* Config */ = {
			isa = PBXGroup;
			children = (
				65F97E132AF669A100C0E501 /* Psycheros.entitlements */,
			);
			path = Config;
			sourceTree = "<group>";
		};
		65F97E3A2AF66DB200C0E501 /* App */ = {
			isa = PBXGroup;
			children = (
				65F97E0B2AF669A000C0E501 /* PsycherosApp.swift */,
				65F97E0D2AF669A000C0E501 /* ContentView.swift */,
				65F97E3C2AF696FD00C0E501 /* NewEntryView.swift */,
			);
			path = App;
			sourceTree = "<group>";
		};
		65F97E3B2AF66DC000C0E501 /* Models */ = {
			isa = PBXGroup;
			children = (
				65F97E0F2AF669A000C0E501 /* JournalEntry.swift */,
			);
			path = Models;
			sourceTree = "<group>";
		};
/* End PBXGroup section */

/* Begin PBXNativeTarget section */
		65F97E072AF6699F00C0E501 /* Psycheros */ = {
			isa = PBXNativeTarget;
			buildConfigurationList = 65F97E2F2AF669A100C0E501 /* Build configuration list for PBXNativeTarget "Psycheros" */;
			buildPhases = (
				65F97E042AF6699F00C0E501 /* Sources */,
				65F97E052AF6699F00C0E501 /* Frameworks */,
				65F97E062AF6699F00C0E501 /* Resources */,
			);
			buildRules = (
			);
			dependencies = (
			);
			name = Psycheros;
			productName = Psycheros;
			productReference = 65F97E082AF6699F00C0E501 /* Psycheros.app */;
			productType = "com.apple.product-type.application";
		};
		65F97E1A2AF669A100C0E501 /* PsycherosTests */ = {
			isa = PBXNativeTarget;
			buildConfigurationList = 65F97E322AF669A100C0E501 /* Build configuration list for PBXNativeTarget "PsycherosTests" */;
			buildPhases = (
				65F97E172AF669A100C0E501 /* Sources */,
				65F97E182AF669A100C0E501 /* Frameworks */,
				65F97E192AF669A100C0E501 /* Resources */,
			);
			buildRules = (
			);
			dependencies = (
				65F97E1D2AF669A100C0E501 /* PBXTargetDependency */,
			);
			name = PsycherosTests;
			productName = PsycherosTests;
			productReference = 65F97E1B2AF669A100C0E501 /* PsycherosTests.xctest */;
			productType = "com.apple.product-type.bundle.unit-test";
		};
/* End PBXNativeTarget section */

/* Begin PBXProject section */
		65F97E002AF6699F00C0E501 /* Project object */ = {
			isa = PBXProject;
			attributes = {
				BuildIndependentTargetsInParallel = 1;
				LastSwiftUpdateCheck = 1500;
				LastUpgradeCheck = 1500;
				TargetAttributes = {
					65F97E072AF6699F00C0E501 = {
						CreatedOnToolsVersion = 15.0;
					};
					65F97E1A2AF669A100C0E501 = {
						CreatedOnToolsVersion = 15.0;
						TestTargetID = 65F97E072AF6699F00C0E501;
					};
				};
			};
			buildConfigurationList = 65F97E032AF6699F00C0E501 /* Build configuration list for PBXProject "Psycheros" */;
			compatibilityVersion = "Xcode 14.0";
			developmentRegion = en;
			hasScannedForEncodings = 0;
			knownRegions = (
				en,
				Base,
			);
			mainGroup = 65F97DFF2AF6699F00C0E501;
			productRefGroup = 65F97E092AF6699F00C0E501 /* Products */;
			projectDirPath = "";
			projectRoot = "";
			targets = (
				65F97E072AF6699F00C0E501 /* Psycheros */,
				65F97E1A2AF669A100C0E501 /* PsycherosTests */,
			);
		};
/* End PBXProject section */

/* Begin PBXResourcesBuildPhase section */
		65F97E062AF6699F00C0E501 /* Resources */ = {
			isa = PBXResourcesBuildPhase;
			buildActionMask = 2147483647;
			files = (
				65F97E122AF669A100C0E501 /* Assets.xcassets in Resources */,
			);
			runOnlyForDeploymentPostprocessing = 0;
		};
		65F97E192AF669A100C0E501 /* Resources */ = {
			isa = PBXResourcesBuildPhase;
			buildActionMask = 2147483647;
			files = (
			);
			runOnlyForDeploymentPostprocessing = 0;
		};
/* End PBXResourcesBuildPhase section */

/* Begin PBXSourcesBuildPhase section */
		65F97E042AF6699F00C0E501 /* Sources */ = {
			isa = PBXSourcesBuildPhase;
			buildActionMask = 2147483647;
			files = (
				65AA66932AF7B29E00C2BCD6 /* JournalEntry.swift in Sources */,
				65F97E3D2AF696FD00C0E501 /* NewEntryView.swift in Sources */,
				65F97E0E2AF669A000C0E501 /* ContentView.swift in Sources */,
				65F97E0C2AF669A000C0E501 /* PsycherosApp.swift in Sources */,
			);
			runOnlyForDeploymentPostprocessing = 0;
		};
		65F97E172AF669A100C0E501 /* Sources */ = {
			isa = PBXSourcesBuildPhase;
			buildActionMask = 2147483647;
			files = (
				65AA66942AF7B2A600C2BCD6 /* JournalEntry.swift in Sources */,
				65F97E202AF669A100C0E501 /* PsycherosTests.swift in Sources */,
				65AA66972AF7B2C500C2BCD6 /* JournalEntryTests.swift in Sources */,
			);
			runOnlyForDeploymentPostprocessing = 0;
		};
/* End PBXSourcesBuildPhase section */

/* Begin PBXTargetDependency section */
		65F97E1D2AF669A100C0E501 /* PBXTargetDependency */ = {
			isa = PBXTargetDependency;
			target = 65F97E072AF6699F00C0E501 /* Psycheros */;
			targetProxy = 65F97E1C2AF669A100C0E501 /* PBXContainerItemProxy */;
		};
/* End PBXTargetDependency section */

/* Begin XCBuildConfiguration section */
		65F97E2D2AF669A100C0E501 /* Debug */ = {
			isa = XCBuildConfiguration;
			buildSettings = {
				ALWAYS_SEARCH_USER_PATHS = NO;
				ASSETCATALOG_COMPILER_GENERATE_SWIFT_ASSET_SYMBOL_EXTENSIONS = YES;
				CLANG_ANALYZER_NONNULL = YES;
				CLANG_ANALYZER_NUMBER_OBJECT_CONVERSION = YES_AGGRESSIVE;
				CLANG_CXX_LANGUAGE_STANDARD = "gnu++20";
				CLANG_ENABLE_MODULES = YES;
				CLANG_ENABLE_OBJC_ARC = YES;
				CLANG_ENABLE_OBJC_WEAK = YES;
				CLANG_WARN_BLOCK_CAPTURE_AUTORELEASING = YES;
				CLANG_WARN_BOOL_CONVERSION = YES;
				CLANG_WARN_COMMA = YES;
				CLANG_WARN_CONSTANT_CONVERSION = YES;
				CLANG_WARN_DEPRECATED_OBJC_IMPLEMENTATIONS = YES;
				CLANG_WARN_DIRECT_OBJC_ISA_USAGE = YES_ERROR;
				CLANG_WARN_DOCUMENTATION_COMMENTS = YES;
				CLANG_WARN_EMPTY_BODY = YES;
				CLANG_WARN_ENUM_CONVERSION = YES;
				CLANG_WARN_INFINITE_RECURSION = YES;
				CLANG_WARN_INT_CONVERSION = YES;
				CLANG_WARN_NON_LITERAL_NULL_CONVERSION = YES;
				CLANG_WARN_OBJC_IMPLICIT_RETAIN_SELF = YES;
				CLANG_WARN_OBJC_LITERAL_CONVERSION = YES;
				CLANG_WARN_OBJC_ROOT_CLASS = YES_ERROR;
				CLANG_WARN_QUOTED_INCLUDE_IN_FRAMEWORK_HEADER = YES;
				CLANG_WARN_RANGE_LOOP_ANALYSIS = YES;
				CLANG_WARN_STRICT_PROTOTYPES = YES;
				CLANG_WARN_SUSPICIOUS_MOVE = YES;
				CLANG_WARN_UNGUARDED_AVAILABILITY = YES_AGGRESSIVE;
				CLANG_WARN_UNREACHABLE_CODE = YES;
				CLANG_WARN__DUPLICATE_METHOD_MATCH = YES;
				COPY_PHASE_STRIP = NO;
				DEBUG_INFORMATION_FORMAT = dwarf;
				ENABLE_STRICT_OBJC_MSGSEND = YES;
				ENABLE_TESTABILITY = YES;
				ENABLE_USER_SCRIPT_SANDBOXING = YES;
				GCC_C_LANGUAGE_STANDARD = gnu17;
				GCC_DYNAMIC_NO_PIC = NO;
				GCC_NO_COMMON_BLOCKS = YES;
				GCC_OPTIMIZATION_LEVEL = 0;
				GCC_PREPROCESSOR_DEFINITIONS = (
					"DEBUG=1",
					"$(inherited)",
				);
				GCC_WARN_64_TO_32_BIT_CONVERSION = YES;
				GCC_WARN_ABOUT_RETURN_TYPE = YES_ERROR;
				GCC_WARN_UNDECLARED_SELECTOR = YES;
				GCC_WARN_UNINITIALIZED_AUTOS = YES_AGGRESSIVE;
				GCC_WARN_UNUSED_FUNCTION = YES;
				GCC_WARN_UNUSED_VARIABLE = YES;
				LOCALIZATION_PREFERS_STRING_CATALOGS = YES;
				MTL_ENABLE_DEBUG_INFO = INCLUDE_SOURCE;
				MTL_FAST_MATH = YES;
				ONLY_ACTIVE_ARCH = YES;
				SWIFT_ACTIVE_COMPILATION_CONDITIONS = "DEBUG $(inherited)";
				SWIFT_OPTIMIZATION_LEVEL = "-Onone";
			};
			name = Debug;
		};
		65F97E2E2AF669A100C0E501 /* Release */ = {
			isa = XCBuildConfiguration;
			buildSettings = {
				ALWAYS_SEARCH_USER_PATHS = NO;
				ASSETCATALOG_COMPILER_GENERATE_SWIFT_ASSET_SYMBOL_EXTENSIONS = YES;
				CLANG_ANALYZER_NONNULL = YES;
				CLANG_ANALYZER_NUMBER_OBJECT_CONVERSION = YES_AGGRESSIVE;
				CLANG_CXX_LANGUAGE_STANDARD = "gnu++20";
				CLANG_ENABLE_MODULES = YES;
				CLANG_ENABLE_OBJC_ARC = YES;
				CLANG_ENABLE_OBJC_WEAK = YES;
				CLANG_WARN_BLOCK_CAPTURE_AUTORELEASING = YES;
				CLANG_WARN_BOOL_CONVERSION = YES;
				CLANG_WARN_COMMA = YES;
				CLANG_WARN_CONSTANT_CONVERSION = YES;
				CLANG_WARN_DEPRECATED_OBJC_IMPLEMENTATIONS = YES;
				CLANG_WARN_DIRECT_OBJC_ISA_USAGE = YES_ERROR;
				CLANG_WARN_DOCUMENTATION_COMMENTS = YES;
				CLANG_WARN_EMPTY_BODY = YES;
				CLANG_WARN_ENUM_CONVERSION = YES;
				CLANG_WARN_INFINITE_RECURSION = YES;
				CLANG_WARN_INT_CONVERSION = YES;
				CLANG_WARN_NON_LITERAL_NULL_CONVERSION = YES;
				CLANG_WARN_OBJC_IMPLICIT_RETAIN_SELF = YES;
				CLANG_WARN_OBJC_LITERAL_CONVERSION = YES;
				CLANG_WARN_OBJC_ROOT_CLASS = YES_ERROR;
				CLANG_WARN_QUOTED_INCLUDE_IN_FRAMEWORK_HEADER = YES;
				CLANG_WARN_RANGE_LOOP_ANALYSIS = YES;
				CLANG_WARN_STRICT_PROTOTYPES = YES;
				CLANG_WARN_SUSPICIOUS_MOVE = YES;
				CLANG_WARN_UNGUARDED_AVAILABILITY = YES_AGGRESSIVE;
				CLANG_WARN_UNREACHABLE_CODE = YES;
				CLANG_WARN__DUPLICATE_METHOD_MATCH = YES;
				COPY_PHASE_STRIP = NO;
				DEBUG_INFORMATION_FORMAT = "dwarf-with-dsym";
				ENABLE_NS_ASSERTIONS = NO;
				ENABLE_STRICT_OBJC_MSGSEND = YES;
				ENABLE_USER_SCRIPT_SANDBOXING = YES;
				GCC_C_LANGUAGE_STANDARD = gnu17;
				GCC_NO_COMMON_BLOCKS = YES;
				GCC_WARN_64_TO_32_BIT_CONVERSION = YES;
				GCC_WARN_ABOUT_RETURN_TYPE = YES_ERROR;
				GCC_WARN_UNDECLARED_SELECTOR = YES;
				GCC_WARN_UNINITIALIZED_AUTOS = YES_AGGRESSIVE;
				GCC_WARN_UNUSED_FUNCTION = YES;
				GCC_WARN_UNUSED_VARIABLE = YES;
				LOCALIZATION_PREFERS_STRING_CATALOGS = YES;
				MTL_ENABLE_DEBUG_INFO = NO;
				MTL_FAST_MATH = YES;
				SWIFT_COMPILATION_MODE = wholemodule;
			};
			name = Release;
		};
		65F97E302AF669A100C0E501 /* Debug */ = {
			isa = XCBuildConfiguration;
			buildSettings = {
				ASSETCATALOG_COMPILER_APPICON_NAME = AppIcon;
				ASSETCATALOG_COMPILER_GLOBAL_ACCENT_COLOR_NAME = AccentColor;
				CODE_SIGN_ENTITLEMENTS = Psycheros/Config/Psycheros.entitlements;
				CODE_SIGN_STYLE = Automatic;
				CURRENT_PROJECT_VERSION = 1;
				DEVELOPMENT_TEAM = SS5Y2A9M32;
				ENABLE_HARDENED_RUNTIME = YES;
				ENABLE_PREVIEWS = YES;
				GENERATE_INFOPLIST_FILE = YES;
				"INFOPLIST_KEY_UIApplicationSceneManifest_Generation[sdk=iphoneos*]" = YES;
				"INFOPLIST_KEY_UIApplicationSceneManifest_Generation[sdk=iphonesimulator*]" = YES;
				"INFOPLIST_KEY_UIApplicationSupportsIndirectInputEvents[sdk=iphoneos*]" = YES;
				"INFOPLIST_KEY_UIApplicationSupportsIndirectInputEvents[sdk=iphonesimulator*]" = YES;
				"INFOPLIST_KEY_UILaunchScreen_Generation[sdk=iphoneos*]" = YES;
				"INFOPLIST_KEY_UILaunchScreen_Generation[sdk=iphonesimulator*]" = YES;
				"INFOPLIST_KEY_UIStatusBarStyle[sdk=iphoneos*]" = UIStatusBarStyleDefault;
				"INFOPLIST_KEY_UIStatusBarStyle[sdk=iphonesimulator*]" = UIStatusBarStyleDefault;
				INFOPLIST_KEY_UISupportedInterfaceOrientations_iPad = "UIInterfaceOrientationPortrait UIInterfaceOrientationPortraitUpsideDown UIInterfaceOrientationLandscapeLeft UIInterfaceOrientationLandscapeRight";
				INFOPLIST_KEY_UISupportedInterfaceOrientations_iPhone = "UIInterfaceOrientationPortrait UIInterfaceOrientationLandscapeLeft UIInterfaceOrientationLandscapeRight";
				IPHONEOS_DEPLOYMENT_TARGET = 17.0;
				LD_RUNPATH_SEARCH_PATHS = "@executable_path/Frameworks";
				"LD_RUNPATH_SEARCH_PATHS[sdk=macosx*]" = "@executable_path/../Frameworks";
				MACOSX_DEPLOYMENT_TARGET = 14.0;
				MARKETING_VERSION = 1.0;
				PRODUCT_BUNDLE_IDENTIFIER = nl.danielkroese.Psycheros;
				PRODUCT_NAME = "$(TARGET_NAME)";
				SDKROOT = auto;
				SUPPORTED_PLATFORMS = "iphoneos iphonesimulator macosx";
				SWIFT_EMIT_LOC_STRINGS = YES;
				SWIFT_VERSION = 5.0;
				TARGETED_DEVICE_FAMILY = "1,2";
			};
			name = Debug;
		};
		65F97E312AF669A100C0E501 /* Release */ = {
			isa = XCBuildConfiguration;
			buildSettings = {
				ASSETCATALOG_COMPILER_APPICON_NAME = AppIcon;
				ASSETCATALOG_COMPILER_GLOBAL_ACCENT_COLOR_NAME = AccentColor;
				CODE_SIGN_ENTITLEMENTS = Psycheros/Config/Psycheros.entitlements;
				CODE_SIGN_STYLE = Automatic;
				CURRENT_PROJECT_VERSION = 1;
				DEVELOPMENT_TEAM = SS5Y2A9M32;
				ENABLE_HARDENED_RUNTIME = YES;
				ENABLE_PREVIEWS = YES;
				GENERATE_INFOPLIST_FILE = YES;
				"INFOPLIST_KEY_UIApplicationSceneManifest_Generation[sdk=iphoneos*]" = YES;
				"INFOPLIST_KEY_UIApplicationSceneManifest_Generation[sdk=iphonesimulator*]" = YES;
				"INFOPLIST_KEY_UIApplicationSupportsIndirectInputEvents[sdk=iphoneos*]" = YES;
				"INFOPLIST_KEY_UIApplicationSupportsIndirectInputEvents[sdk=iphonesimulator*]" = YES;
				"INFOPLIST_KEY_UILaunchScreen_Generation[sdk=iphoneos*]" = YES;
				"INFOPLIST_KEY_UILaunchScreen_Generation[sdk=iphonesimulator*]" = YES;
				"INFOPLIST_KEY_UIStatusBarStyle[sdk=iphoneos*]" = UIStatusBarStyleDefault;
				"INFOPLIST_KEY_UIStatusBarStyle[sdk=iphonesimulator*]" = UIStatusBarStyleDefault;
				INFOPLIST_KEY_UISupportedInterfaceOrientations_iPad = "UIInterfaceOrientationPortrait UIInterfaceOrientationPortraitUpsideDown UIInterfaceOrientationLandscapeLeft UIInterfaceOrientationLandscapeRight";
				INFOPLIST_KEY_UISupportedInterfaceOrientations_iPhone = "UIInterfaceOrientationPortrait UIInterfaceOrientationLandscapeLeft UIInterfaceOrientationLandscapeRight";
				IPHONEOS_DEPLOYMENT_TARGET = 17.0;
				LD_RUNPATH_SEARCH_PATHS = "@executable_path/Frameworks";
				"LD_RUNPATH_SEARCH_PATHS[sdk=macosx*]" = "@executable_path/../Frameworks";
				MACOSX_DEPLOYMENT_TARGET = 14.0;
				MARKETING_VERSION = 1.0;
				PRODUCT_BUNDLE_IDENTIFIER = nl.danielkroese.Psycheros;
				PRODUCT_NAME = "$(TARGET_NAME)";
				SDKROOT = auto;
				SUPPORTED_PLATFORMS = "iphoneos iphonesimulator macosx";
				SWIFT_EMIT_LOC_STRINGS = YES;
				SWIFT_VERSION = 5.0;
				TARGETED_DEVICE_FAMILY = "1,2";
			};
			name = Release;
		};
		65F97E332AF669A100C0E501 /* Debug */ = {
			isa = XCBuildConfiguration;
			buildSettings = {
				ALWAYS_EMBED_SWIFT_STANDARD_LIBRARIES = YES;
				BUNDLE_LOADER = "$(TEST_HOST)";
				CODE_SIGN_STYLE = Automatic;
				CURRENT_PROJECT_VERSION = 1;
				DEVELOPMENT_TEAM = SS5Y2A9M32;
				GENERATE_INFOPLIST_FILE = YES;
				IPHONEOS_DEPLOYMENT_TARGET = 17.0;
				MACOSX_DEPLOYMENT_TARGET = 14.0;
				MARKETING_VERSION = 1.0;
				PRODUCT_BUNDLE_IDENTIFIER = nl.danielkroese.PsycherosTests;
				PRODUCT_NAME = "$(TARGET_NAME)";
				SDKROOT = auto;
				SUPPORTED_PLATFORMS = "iphoneos iphonesimulator macosx";
				SWIFT_EMIT_LOC_STRINGS = NO;
				SWIFT_VERSION = 5.0;
				TARGETED_DEVICE_FAMILY = "1,2";
				TEST_HOST = "$(BUILT_PRODUCTS_DIR)/Psycheros.app/$(BUNDLE_EXECUTABLE_FOLDER_PATH)/Psycheros";
			};
			name = Debug;
		};
		65F97E342AF669A100C0E501 /* Release */ = {
			isa = XCBuildConfiguration;
			buildSettings = {
				ALWAYS_EMBED_SWIFT_STANDARD_LIBRARIES = YES;
				BUNDLE_LOADER = "$(TEST_HOST)";
				CODE_SIGN_STYLE = Automatic;
				CURRENT_PROJECT_VERSION = 1;
				DEVELOPMENT_TEAM = SS5Y2A9M32;
				GENERATE_INFOPLIST_FILE = YES;
				IPHONEOS_DEPLOYMENT_TARGET = 17.0;
				MACOSX_DEPLOYMENT_TARGET = 14.0;
				MARKETING_VERSION = 1.0;
				PRODUCT_BUNDLE_IDENTIFIER = nl.danielkroese.PsycherosTests;
				PRODUCT_NAME = "$(TARGET_NAME)";
				SDKROOT = auto;
				SUPPORTED_PLATFORMS = "iphoneos iphonesimulator macosx";
				SWIFT_EMIT_LOC_STRINGS = NO;
				SWIFT_VERSION = 5.0;
				TARGETED_DEVICE_FAMILY = "1,2";
				TEST_HOST = "$(BUILT_PRODUCTS_DIR)/Psycheros.app/$(BUNDLE_EXECUTABLE_FOLDER_PATH)/Psycheros";
			};
			name = Release;
		};
/* End XCBuildConfiguration section */

/* Begin XCConfigurationList section */
		65F97E032AF6699F00C0E501 /* Build configuration list for PBXProject "Psycheros" */ = {
			isa = XCConfigurationList;
			buildConfigurations = (
				65F97E2D2AF669A100C0E501 /* Debug */,
				65F97E2E2AF669A100C0E501 /* Release */,
			);
			defaultConfigurationIsVisible = 0;
			defaultConfigurationName = Release;
		};
		65F97E2F2AF669A100C0E501 /* Build configuration list for PBXNativeTarget "Psycheros" */ = {
			isa = XCConfigurationList;
			buildConfigurations = (
				65F97E302AF669A100C0E501 /* Debug */,
				65F97E312AF669A100C0E501 /* Release */,
			);
			defaultConfigurationIsVisible = 0;
			defaultConfigurationName = Release;
		};
		65F97E322AF669A100C0E501 /* Build configuration list for PBXNativeTarget "PsycherosTests" */ = {
			isa = XCConfigurationList;
			buildConfigurations = (
				65F97E332AF669A100C0E501 /* Debug */,
				65F97E342AF669A100C0E501 /* Release */,
			);
			defaultConfigurationIsVisible = 0;
			defaultConfigurationName = Release;
		};
/* End XCConfigurationList section */
	};
	rootObject = 65F97E002AF6699F00C0E501 /* Project object */;
}
